
Microsoft Visual Studio Solution File, Format Version 12.00
# Visual Studio Version 17
VisualStudioVersion = 17.3.32519.111
MinimumVisualStudioVersion = 10.0.40219.1
Project("{2150E333-8FDC-42A3-9474-1A3956D46DE8}") = "src", "src", "{F894570A-208D-4534-AA7B-F335E206F59F}"
EndProject
Project("{2150E333-8FDC-42A3-9474-1A3956D46DE8}") = "Solution Items", "Solution Items", "{168D4613-24CB-4F51-9F82-9F4DBAA69C4A}"
	ProjectSection(SolutionItems) = preProject
		.dockerignore = .dockerignore
		.editorconfig = .editorconfig
		.gitattributes = .gitattributes
		.gitignore = .gitignore
		docker-compose.yml = docker-compose.yml
		Dockerfile = Dockerfile
		README.md = README.md
	EndProjectSection
EndProject
Project("{2150E333-8FDC-42A3-9474-1A3956D46DE8}") = "tests", "tests", "{E46C4D64-C580-49C3-9136-E3CD41A9DFDD}"
EndProject
Project("{9A19103F-16F7-4668-BE54-9A1E7A4F7556}") = "ThFnsc.NFe.Tests", "tests\ThFnsc.NFe.Tests\ThFnsc.NFe.Tests.csproj", "{47B0817E-CB9D-4E69-9A5C-93AF79DF39C1}"
EndProject
Project("{9A19103F-16F7-4668-BE54-9A1E7A4F7556}") = "ThFnsc.NFe", "src\ThFnsc.NFe\ThFnsc.NFe.csproj", "{557AED41-8601-442C-9F0D-606BD467C4A5}"
EndProject
Project("{9A19103F-16F7-4668-BE54-9A1E7A4F7556}") = "ThFnsc.NFe.Core", "src\ThFnsc.NFe.Core\ThFnsc.NFe.Core.csproj", "{30C4B820-4519-4373-9852-52B171F128EB}"
EndProject
Project("{9A19103F-16F7-4668-BE54-9A1E7A4F7556}") = "ThFnsc.NFe.Data", "src\ThFnsc.NFe.Data\ThFnsc.NFe.Data.csproj", "{3B9DA3A4-1CF1-4223-842C-8B892BA7324E}"
EndProject
Project("{9A19103F-16F7-4668-BE54-9A1E7A4F7556}") = "ThFnsc.NFe.Infra", "src\ThFnsc.NFe.Infra\ThFnsc.NFe.Infra.csproj", "{3E5390AB-2BF6-4ABC-BDDC-466CDC980ECC}"
EndProject
Project("{2150E333-8FDC-42A3-9474-1A3956D46DE8}") = "services", "services", "{AEB61D1E-FDBC-413C-A759-7E6B52739AE6}"
EndProject
Project("{9A19103F-16F7-4668-BE54-9A1E7A4F7556}") = "ThFnsc.NFe.Services.ContaJa", "src\services\ThFnsc.NFe.Services.ContaJa\ThFnsc.NFe.Services.ContaJa.csproj", "{13DCC88F-03FC-45DC-971C-9385BEC4A0A4}"
EndProject
Project("{9A19103F-16F7-4668-BE54-9A1E7A4F7556}") = "ThFnsc.NFe.Services.IPMNF", "src\services\ThFnsc.NFe.Services.IPMNF\ThFnsc.NFe.Services.IPMNF.csproj", "{606A9B83-DDBE-4A49-88B9-99349E61B9AB}"
EndProject
Project("{9A19103F-16F7-4668-BE54-9A1E7A4F7556}") = "ThFnsc.NFe.Services.SMTP", "src\services\ThFnsc.NFe.Services.SMTP\ThFnsc.NFe.Services.SMTP.csproj", "{F45AC366-5415-454E-AED2-A01D5FB5C056}"
EndProject
Project("{9A19103F-16F7-4668-BE54-9A1E7A4F7556}") = "ThFnsc.NFe.Services.PuppeteerHTMLToPDF", "src\services\ThFnsc.NFe.Services.PuppeteerHTMLToPDF\ThFnsc.NFe.Services.PuppeteerHTMLToPDF.csproj", "{2E432202-CEDD-48FC-87F4-22DD5FB1ABBB}"
EndProject
Project("{9A19103F-16F7-4668-BE54-9A1E7A4F7556}") = "ThFnsc.NFe.Services.RazorEngineRenderer", "src\services\ThFnsc.NFe.Services.RazorEngineRenderer\ThFnsc.NFe.Services.RazorEngineRenderer.csproj", "{F4584A61-34C0-4D0A-99C8-D16485971239}"
EndProject
Project("{9A19103F-16F7-4668-BE54-9A1E7A4F7556}") = "ThFnsc.NFe.Services.ChromeUtilities", "src\services\ThFnsc.NFe.Services.ChromeUtilities\ThFnsc.NFe.Services.ChromeUtilities.csproj", "{B3AC7614-1637-43B2-BD40-75049663C308}"
EndProject
Project("{2150E333-8FDC-42A3-9474-1A3956D46DE8}") = ".github", ".github", "{2745F7B1-48B6-47C3-81A2-A59B740675B9}"
EndProject
Project("{2150E333-8FDC-42A3-9474-1A3956D46DE8}") = "workflows", "workflows", "{ACA1AF78-E32E-42E3-A5C7-7AE1B0B87031}"
	ProjectSection(SolutionItems) = preProject
		.github\workflows\docker.yml = .github\workflows\docker.yml
	EndProjectSection
EndProject
Project("{2150E333-8FDC-42A3-9474-1A3956D46DE8}") = "assets", "assets", "{288F7EAB-151E-4074-BEFE-B92C8C8CD4BB}"
	ProjectSection(SolutionItems) = preProject
		assets\docker-compose.yml = assets\docker-compose.yml
	EndProjectSection
EndProject
Global
	GlobalSection(SolutionConfigurationPlatforms) = preSolution
		Debug|Any CPU = Debug|Any CPU
		Release|Any CPU = Release|Any CPU
	EndGlobalSection
	GlobalSection(ProjectConfigurationPlatforms) = postSolution
		{47B0817E-CB9D-4E69-9A5C-93AF79DF39C1}.Debug|Any CPU.ActiveCfg = Debug|Any CPU
		{47B0817E-CB9D-4E69-9A5C-93AF79DF39C1}.Debug|Any CPU.Build.0 = Debug|Any CPU
		{47B0817E-CB9D-4E69-9A5C-93AF79DF39C1}.Release|Any CPU.ActiveCfg = Release|Any CPU
		{47B0817E-CB9D-4E69-9A5C-93AF79DF39C1}.Release|Any CPU.Build.0 = Release|Any CPU
		{557AED41-8601-442C-9F0D-606BD467C4A5}.Debug|Any CPU.ActiveCfg = Debug|Any CPU
		{557AED41-8601-442C-9F0D-606BD467C4A5}.Debug|Any CPU.Build.0 = Debug|Any CPU
		{557AED41-8601-442C-9F0D-606BD467C4A5}.Release|Any CPU.ActiveCfg = Release|Any CPU
		{557AED41-8601-442C-9F0D-606BD467C4A5}.Release|Any CPU.Build.0 = Release|Any CPU
		{30C4B820-4519-4373-9852-52B171F128EB}.Debug|Any CPU.ActiveCfg = Debug|Any CPU
		{30C4B820-4519-4373-9852-52B171F128EB}.Debug|Any CPU.Build.0 = Debug|Any CPU
		{30C4B820-4519-4373-9852-52B171F128EB}.Release|Any CPU.ActiveCfg = Release|Any CPU
		{30C4B820-4519-4373-9852-52B171F128EB}.Release|Any CPU.Build.0 = Release|Any CPU
		{3B9DA3A4-1CF1-4223-842C-8B892BA7324E}.Debug|Any CPU.ActiveCfg = Debug|Any CPU
		{3B9DA3A4-1CF1-4223-842C-8B892BA7324E}.Debug|Any CPU.Build.0 = Debug|Any CPU
		{3B9DA3A4-1CF1-4223-842C-8B892BA7324E}.Release|Any CPU.ActiveCfg = Release|Any CPU
		{3B9DA3A4-1CF1-4223-842C-8B892BA7324E}.Release|Any CPU.Build.0 = Release|Any CPU
		{3E5390AB-2BF6-4ABC-BDDC-466CDC980ECC}.Debug|Any CPU.ActiveCfg = Debug|Any CPU
		{3E5390AB-2BF6-4ABC-BDDC-466CDC980ECC}.Debug|Any CPU.Build.0 = Debug|Any CPU
		{3E5390AB-2BF6-4ABC-BDDC-466CDC980ECC}.Release|Any CPU.ActiveCfg = Release|Any CPU
		{3E5390AB-2BF6-4ABC-BDDC-466CDC980ECC}.Release|Any CPU.Build.0 = Release|Any CPU
		{13DCC88F-03FC-45DC-971C-9385BEC4A0A4}.Debug|Any CPU.ActiveCfg = Debug|Any CPU
		{13DCC88F-03FC-45DC-971C-9385BEC4A0A4}.Debug|Any CPU.Build.0 = Debug|Any CPU
		{13DCC88F-03FC-45DC-971C-9385BEC4A0A4}.Release|Any CPU.ActiveCfg = Release|Any CPU
		{13DCC88F-03FC-45DC-971C-9385BEC4A0A4}.Release|Any CPU.Build.0 = Release|Any CPU
		{606A9B83-DDBE-4A49-88B9-99349E61B9AB}.Debug|Any CPU.ActiveCfg = Debug|Any CPU
		{606A9B83-DDBE-4A49-88B9-99349E61B9AB}.Debug|Any CPU.Build.0 = Debug|Any CPU
		{606A9B83-DDBE-4A49-88B9-99349E61B9AB}.Release|Any CPU.ActiveCfg = Release|Any CPU
		{606A9B83-DDBE-4A49-88B9-99349E61B9AB}.Release|Any CPU.Build.0 = Release|Any CPU
		{F45AC366-5415-454E-AED2-A01D5FB5C056}.Debug|Any CPU.ActiveCfg = Debug|Any CPU
		{F45AC366-5415-454E-AED2-A01D5FB5C056}.Debug|Any CPU.Build.0 = Debug|Any CPU
		{F45AC366-5415-454E-AED2-A01D5FB5C056}.Release|Any CPU.ActiveCfg = Release|Any CPU
		{F45AC366-5415-454E-AED2-A01D5FB5C056}.Release|Any CPU.Build.0 = Release|Any CPU
		{2E432202-CEDD-48FC-87F4-22DD5FB1ABBB}.Debug|Any CPU.ActiveCfg = Debug|Any CPU
		{2E432202-CEDD-48FC-87F4-22DD5FB1ABBB}.Debug|Any CPU.Build.0 = Debug|Any CPU
		{2E432202-CEDD-48FC-87F4-22DD5FB1ABBB}.Release|Any CPU.ActiveCfg = Release|Any CPU
		{2E432202-CEDD-48FC-87F4-22DD5FB1ABBB}.Release|Any CPU.Build.0 = Release|Any CPU
		{F4584A61-34C0-4D0A-99C8-D16485971239}.Debug|Any CPU.ActiveCfg = Debug|Any CPU
		{F4584A61-34C0-4D0A-99C8-D16485971239}.Debug|Any CPU.Build.0 = Debug|Any CPU
		{F4584A61-34C0-4D0A-99C8-D16485971239}.Release|Any CPU.ActiveCfg = Release|Any CPU
		{F4584A61-34C0-4D0A-99C8-D16485971239}.Release|Any CPU.Build.0 = Release|Any CPU
		{B3AC7614-1637-43B2-BD40-75049663C308}.Debug|Any CPU.ActiveCfg = Debug|Any CPU
		{B3AC7614-1637-43B2-BD40-75049663C308}.Debug|Any CPU.Build.0 = Debug|Any CPU
		{B3AC7614-1637-43B2-BD40-75049663C308}.Release|Any CPU.ActiveCfg = Release|Any CPU
		{B3AC7614-1637-43B2-BD40-75049663C308}.Release|Any CPU.Build.0 = Release|Any CPU
	EndGlobalSection
	GlobalSection(SolutionProperties) = preSolution
		HideSolutionNode = FALSE
	EndGlobalSection
	GlobalSection(NestedProjects) = preSolution
		{47B0817E-CB9D-4E69-9A5C-93AF79DF39C1} = {E46C4D64-C580-49C3-9136-E3CD41A9DFDD}
		{557AED41-8601-442C-9F0D-606BD467C4A5} = {F894570A-208D-4534-AA7B-F335E206F59F}
		{30C4B820-4519-4373-9852-52B171F128EB} = {F894570A-208D-4534-AA7B-F335E206F59F}
		{3B9DA3A4-1CF1-4223-842C-8B892BA7324E} = {F894570A-208D-4534-AA7B-F335E206F59F}
		{3E5390AB-2BF6-4ABC-BDDC-466CDC980ECC} = {F894570A-208D-4534-AA7B-F335E206F59F}
		{AEB61D1E-FDBC-413C-A759-7E6B52739AE6} = {F894570A-208D-4534-AA7B-F335E206F59F}
		{13DCC88F-03FC-45DC-971C-9385BEC4A0A4} = {AEB61D1E-FDBC-413C-A759-7E6B52739AE6}
		{606A9B83-DDBE-4A49-88B9-99349E61B9AB} = {AEB61D1E-FDBC-413C-A759-7E6B52739AE6}
		{F45AC366-5415-454E-AED2-A01D5FB5C056} = {AEB61D1E-FDBC-413C-A759-7E6B52739AE6}
		{2E432202-CEDD-48FC-87F4-22DD5FB1ABBB} = {AEB61D1E-FDBC-413C-A759-7E6B52739AE6}
		{F4584A61-34C0-4D0A-99C8-D16485971239} = {AEB61D1E-FDBC-413C-A759-7E6B52739AE6}
		{B3AC7614-1637-43B2-BD40-75049663C308} = {AEB61D1E-FDBC-413C-A759-7E6B52739AE6}
		{2745F7B1-48B6-47C3-81A2-A59B740675B9} = {168D4613-24CB-4F51-9F82-9F4DBAA69C4A}
		{ACA1AF78-E32E-42E3-A5C7-7AE1B0B87031} = {2745F7B1-48B6-47C3-81A2-A59B740675B9}
		{288F7EAB-151E-4074-BEFE-B92C8C8CD4BB} = {168D4613-24CB-4F51-9F82-9F4DBAA69C4A}
	EndGlobalSection
	GlobalSection(ExtensibilityGlobals) = postSolution
		SolutionGuid = {26EB475C-7DDC-4547-8F03-515E507EC5F5}
	EndGlobalSection
EndGlobal
